
Microsoft Visual Studio Solution File, Format Version 12.00
# Visual Studio Version 17
VisualStudioVersion = 17.5.33530.505
MinimumVisualStudioVersion = 10.0.40219.1
Project("{FAE04EC0-301F-11D3-BF4B-00C04F79EFBC}") = "JimazonLite.Web", "JimazonLite.Web\JimazonLite.Web.csproj", "{7A974A09-F80D-4CD4-9063-5A849056D55F}"
EndProject
Project("{FAE04EC0-301F-11D3-BF4B-00C04F79EFBC}") = "JimazonLite.Data", "JimazonLite.Data\JimazonLite.Data.csproj", "{771F0C13-FD65-4737-AE47-C1036D13F57B}"
EndProject
Project("{FAE04EC0-301F-11D3-BF4B-00C04F79EFBC}") = "JimazonLite.Models", "JimazonLite.Models\JimazonLite.Models.csproj", "{CE696930-4D2D-40E8-B9C4-23F4AB9EFDBD}"
EndProject
Project("{FAE04EC0-301F-11D3-BF4B-00C04F79EFBC}") = "JimazonLite.Utility", "JimazonLite.Utility\JimazonLite.Utility.csproj", "{9B81F5AC-CD16-438F-BE97-E9CCE77C908B}"
EndProject
Global
	GlobalSection(SolutionConfigurationPlatforms) = preSolution
		Debug|Any CPU = Debug|Any CPU
		Release|Any CPU = Release|Any CPU
	EndGlobalSection
	GlobalSection(ProjectConfigurationPlatforms) = postSolution
		{7A974A09-F80D-4CD4-9063-5A849056D55F}.Debug|Any CPU.ActiveCfg = Debug|Any CPU
		{7A974A09-F80D-4CD4-9063-5A849056D55F}.Debug|Any CPU.Build.0 = Debug|Any CPU
		{7A974A09-F80D-4CD4-9063-5A849056D55F}.Release|Any CPU.ActiveCfg = Release|Any CPU
		{7A974A09-F80D-4CD4-9063-5A849056D55F}.Release|Any CPU.Build.0 = Release|Any CPU
		{771F0C13-FD65-4737-AE47-C1036D13F57B}.Debug|Any CPU.ActiveCfg = Debug|Any CPU
		{771F0C13-FD65-4737-AE47-C1036D13F57B}.Debug|Any CPU.Build.0 = Debug|Any CPU
		{771F0C13-FD65-4737-AE47-C1036D13F57B}.Release|Any CPU.ActiveCfg = Release|Any CPU
		{771F0C13-FD65-4737-AE47-C1036D13F57B}.Release|Any CPU.Build.0 = Release|Any CPU
		{CE696930-4D2D-40E8-B9C4-23F4AB9EFDBD}.Debug|Any CPU.ActiveCfg = Debug|Any CPU
		{CE696930-4D2D-40E8-B9C4-23F4AB9EFDBD}.Debug|Any CPU.Build.0 = Debug|Any CPU
		{CE696930-4D2D-40E8-B9C4-23F4AB9EFDBD}.Release|Any CPU.ActiveCfg = Release|Any CPU
		{CE696930-4D2D-40E8-B9C4-23F4AB9EFDBD}.Release|Any CPU.Build.0 = Release|Any CPU
		{9B81F5AC-CD16-438F-BE97-E9CCE77C908B}.Debug|Any CPU.ActiveCfg = Debug|Any CPU
		{9B81F5AC-CD16-438F-BE97-E9CCE77C908B}.Debug|Any CPU.Build.0 = Debug|Any CPU
		{9B81F5AC-CD16-438F-BE97-E9CCE77C908B}.Release|Any CPU.ActiveCfg = Release|Any CPU
		{9B81F5AC-CD16-438F-BE97-E9CCE77C908B}.Release|Any CPU.Build.0 = Release|Any CPU
	EndGlobalSection
	GlobalSection(SolutionProperties) = preSolution
		HideSolutionNode = FALSE
	EndGlobalSection
	GlobalSection(ExtensibilityGlobals) = postSolution
		SolutionGuid = {4E7E01FE-4EB5-4937-B532-2C67C85E0CCD}
	EndGlobalSection
EndGlobal
